
Microsoft Visual Studio Solution File, Format Version 12.00
# Visual Studio Version 17
VisualStudioVersion = 17.4.33213.308
MinimumVisualStudioVersion = 10.0.40219.1
Project("{FAE04EC0-301F-11D3-BF4B-00C04F79EFBC}") = "AlquileresAutos", "AlquileresAutos\AlquileresAutos.csproj", "{49869A44-FC58-4134-8FB4-45B5168A3C9A}"
EndProject
Global
	GlobalSection(SolutionConfigurationPlatforms) = preSolution
		Debug|Any CPU = Debug|Any CPU
		Release|Any CPU = Release|Any CPU
	EndGlobalSection
	GlobalSection(ProjectConfigurationPlatforms) = postSolution
		{49869A44-FC58-4134-8FB4-45B5168A3C9A}.Debug|Any CPU.ActiveCfg = Debug|Any CPU
		{49869A44-FC58-4134-8FB4-45B5168A3C9A}.Debug|Any CPU.Build.0 = Debug|Any CPU
		{49869A44-FC58-4134-8FB4-45B5168A3C9A}.Release|Any CPU.ActiveCfg = Release|Any CPU
		{49869A44-FC58-4134-8FB4-45B5168A3C9A}.Release|Any CPU.Build.0 = Release|Any CPU
	EndGlobalSection
	GlobalSection(SolutionProperties) = preSolution
		HideSolutionNode = FALSE
	EndGlobalSection
	GlobalSection(ExtensibilityGlobals) = postSolution
		SolutionGuid = {8E308B38-130E-4672-9EFB-4F13D65CE1EB}
	EndGlobalSection
EndGlobal
